
Microsoft Visual Studio Solution File, Format Version 12.00
# Visual Studio Version 16
VisualStudioVersion = 25.0.1706.14
MinimumVisualStudioVersion = 10.0.40219.1
Project("{FAE04EC0-301F-11D3-BF4B-00C04F79EFBC}") = "SDAVAssetExportSession.MaciOS.Binding", "SDAVAssetExportSession.MaciOS.Binding\SDAVAssetExportSession.MaciOS.Binding.csproj", "{415AD5E2-D845-40EB-8FA0-BF3D86F5FF4D}"
EndProject
Global
	GlobalSection(SolutionConfigurationPlatforms) = preSolution
		Debug|Any CPU = Debug|Any CPU
		Release|Any CPU = Release|Any CPU
	EndGlobalSection
	GlobalSection(ProjectConfigurationPlatforms) = postSolution
		{415AD5E2-D845-40EB-8FA0-BF3D86F5FF4D}.Debug|Any CPU.ActiveCfg = Debug|Any CPU
		{415AD5E2-D845-40EB-8FA0-BF3D86F5FF4D}.Debug|Any CPU.Build.0 = Debug|Any CPU
		{415AD5E2-D845-40EB-8FA0-BF3D86F5FF4D}.Release|Any CPU.ActiveCfg = Release|Any CPU
		{415AD5E2-D845-40EB-8FA0-BF3D86F5FF4D}.Release|Any CPU.Build.0 = Release|Any CPU
	EndGlobalSection
	GlobalSection(SolutionProperties) = preSolution
		HideSolutionNode = FALSE
	EndGlobalSection
	GlobalSection(ExtensibilityGlobals) = postSolution
		SolutionGuid = {B5ACFFEF-01FE-45B9-80B1-4DC02C7AF6B0}
	EndGlobalSection
EndGlobal
